
Microsoft Visual Studio Solution File, Format Version 12.00
# Visual Studio Version 17
VisualStudioVersion = 17.5.33424.131
MinimumVisualStudioVersion = 10.0.40219.1
Project("{FAE04EC0-301F-11D3-BF4B-00C04F79EFBC}") = "LoginCadastro", "LoginCadastro\LoginCadastro.csproj", "{F9635BCB-B1F2-4D48-9F71-B51AC2295ED4}"
EndProject
Global
	GlobalSection(SolutionConfigurationPlatforms) = preSolution
		Debug|Any CPU = Debug|Any CPU
		Release|Any CPU = Release|Any CPU
	EndGlobalSection
	GlobalSection(ProjectConfigurationPlatforms) = postSolution
		{F9635BCB-B1F2-4D48-9F71-B51AC2295ED4}.Debug|Any CPU.ActiveCfg = Debug|Any CPU
		{F9635BCB-B1F2-4D48-9F71-B51AC2295ED4}.Debug|Any CPU.Build.0 = Debug|Any CPU
		{F9635BCB-B1F2-4D48-9F71-B51AC2295ED4}.Release|Any CPU.ActiveCfg = Release|Any CPU
		{F9635BCB-B1F2-4D48-9F71-B51AC2295ED4}.Release|Any CPU.Build.0 = Release|Any CPU
	EndGlobalSection
	GlobalSection(SolutionProperties) = preSolution
		HideSolutionNode = FALSE
	EndGlobalSection
	GlobalSection(ExtensibilityGlobals) = postSolution
		SolutionGuid = {DD6246DA-D26C-49E4-BF37-8D0D4827438D}
	EndGlobalSection
EndGlobal
